
Microsoft Visual Studio Solution File, Format Version 12.00
# Visual Studio Version 16
VisualStudioVersion = 16.0.28803.202
MinimumVisualStudioVersion = 10.0.40219.1
Project("{FAE04EC0-301F-11D3-BF4B-00C04F79EFBC}") = "AHUScheduleEvaluator", "AHUScheduleEvaluator.csproj", "{B64B77FF-00AF-48F1-A624-D7C98153D6C0}"
EndProject
Global
	GlobalSection(SolutionConfigurationPlatforms) = preSolution
		Debug|Any CPU = Debug|Any CPU
		Release|Any CPU = Release|Any CPU
	EndGlobalSection
	GlobalSection(ProjectConfigurationPlatforms) = postSolution
		{B64B77FF-00AF-48F1-A624-D7C98153D6C0}.Debug|Any CPU.ActiveCfg = Debug|Any CPU
		{B64B77FF-00AF-48F1-A624-D7C98153D6C0}.Debug|Any CPU.Build.0 = Debug|Any CPU
		{B64B77FF-00AF-48F1-A624-D7C98153D6C0}.Release|Any CPU.ActiveCfg = Release|Any CPU
		{B64B77FF-00AF-48F1-A624-D7C98153D6C0}.Release|Any CPU.Build.0 = Release|Any CPU
	EndGlobalSection
	GlobalSection(SolutionProperties) = preSolution
		HideSolutionNode = FALSE
	EndGlobalSection
	GlobalSection(ExtensibilityGlobals) = postSolution
		SolutionGuid = {56A5794C-7DE7-4AB2-B5C1-B5DFC4354675}
	EndGlobalSection
EndGlobal
